github.com/dodyagung/go-say-hello v1.0.0 h1:G4KnMF1sWSoN0s4ABt3Idf42dx54GqZx5KOG0vcCVX0=
github.com/dodyagung/go-say-hello v1.0.0/go.mod h1:BvvTJGtnC+7qlxzSZ/99F1G7g+siOhR9oZazjOB3sg4=
github.com/dodyagung/go-say-hello v1.0.1 h1:9IEH7tXzlqlc69b8skfsaxtvVO/7smATijAbZvTt8bM=
github.com/dodyagung/go-say-hello v1.0.1/go.mod h1:BvvTJGtnC+7qlxzSZ/99F1G7g+siOhR9oZazjOB3sg4=
github.com/dodyagung/go-say-hello v1.5.0 h1:TPGXCXF2dD+Nk3NFaqKIjNpcbV+nVa4M6HiNrnMM7dY=
github.com/dodyagung/go-say-hello v1.5.0/go.mod h1:BvvTJGtnC+7qlxzSZ/99F1G7g+siOhR9oZazjOB3sg4=
